
Microsoft Visual Studio Solution File, Format Version 12.00
# Visual Studio 15
VisualStudioVersion = 15.0.26228.9
MinimumVisualStudioVersion = 10.0.40219.1
Project("{FAE04EC0-301F-11D3-BF4B-00C04F79EFBC}") = "DarkWeather", "DarkWeather\DarkWeather\DarkWeather.csproj", "{BE490A77-BC1A-4E51-A723-9D607B959E73}"
EndProject
Project("{FAE04EC0-301F-11D3-BF4B-00C04F79EFBC}") = "DarkWeather.Droid", "DarkWeather\DarkWeather.Droid\DarkWeather.Droid.csproj", "{94A00472-8DD6-4EEB-95D9-027E86D0716B}"
EndProject
Project("{FAE04EC0-301F-11D3-BF4B-00C04F79EFBC}") = "DarkWeather.iOS", "DarkWeather\DarkWeather.iOS\DarkWeather.iOS.csproj", "{B983718B-B5CD-4B2B-8DF5-4F22015F52DD}"
EndProject
Project("{2150E333-8FDC-42A3-9474-1A3956D46DE8}") = "Solution Items", "Solution Items", "{BF3AE690-8398-47A8-BE16-302FA384720D}"
	ProjectSection(SolutionItems) = preProject
		Docs\ExampleResponse.json = Docs\ExampleResponse.json
		Docs\ExampleResponse.txt = Docs\ExampleResponse.txt
	EndProjectSection
EndProject
Global
	GlobalSection(SolutionConfigurationPlatforms) = preSolution
		Ad-Hoc|Any CPU = Ad-Hoc|Any CPU
		Ad-Hoc|ARM = Ad-Hoc|ARM
		Ad-Hoc|iPhone = Ad-Hoc|iPhone
		Ad-Hoc|iPhoneSimulator = Ad-Hoc|iPhoneSimulator
		Ad-Hoc|x64 = Ad-Hoc|x64
		Ad-Hoc|x86 = Ad-Hoc|x86
		AppStore|Any CPU = AppStore|Any CPU
		AppStore|ARM = AppStore|ARM
		AppStore|iPhone = AppStore|iPhone
		AppStore|iPhoneSimulator = AppStore|iPhoneSimulator
		AppStore|x64 = AppStore|x64
		AppStore|x86 = AppStore|x86
		Debug|Any CPU = Debug|Any CPU
		Debug|ARM = Debug|ARM
		Debug|iPhone = Debug|iPhone
		Debug|iPhoneSimulator = Debug|iPhoneSimulator
		Debug|x64 = Debug|x64
		Debug|x86 = Debug|x86
		Release|Any CPU = Release|Any CPU
		Release|ARM = Release|ARM
		Release|iPhone = Release|iPhone
		Release|iPhoneSimulator = Release|iPhoneSimulator
		Release|x64 = Release|x64
		Release|x86 = Release|x86
	EndGlobalSection
	GlobalSection(ProjectConfigurationPlatforms) = postSolution
		{BE490A77-BC1A-4E51-A723-9D607B959E73}.Ad-Hoc|Any CPU.ActiveCfg = Release|Any CPU
		{BE490A77-BC1A-4E51-A723-9D607B959E73}.Ad-Hoc|Any CPU.Build.0 = Release|Any CPU
		{BE490A77-BC1A-4E51-A723-9D607B959E73}.Ad-Hoc|ARM.ActiveCfg = Release|Any CPU
		{BE490A77-BC1A-4E51-A723-9D607B959E73}.Ad-Hoc|ARM.Build.0 = Release|Any CPU
		{BE490A77-BC1A-4E51-A723-9D607B959E73}.Ad-Hoc|iPhone.ActiveCfg = Release|Any CPU
		{BE490A77-BC1A-4E51-A723-9D607B959E73}.Ad-Hoc|iPhone.Build.0 = Release|Any CPU
		{BE490A77-BC1A-4E51-A723-9D607B959E73}.Ad-Hoc|iPhoneSimulator.ActiveCfg = Release|Any CPU
		{BE490A77-BC1A-4E51-A723-9D607B959E73}.Ad-Hoc|iPhoneSimulator.Build.0 = Release|Any CPU
		{BE490A77-BC1A-4E51-A723-9D607B959E73}.Ad-Hoc|x64.ActiveCfg = Release|Any CPU
		{BE490A77-BC1A-4E51-A723-9D607B959E73}.Ad-Hoc|x64.Build.0 = Release|Any CPU
		{BE490A77-BC1A-4E51-A723-9D607B959E73}.Ad-Hoc|x86.ActiveCfg = Release|Any CPU
		{BE490A77-BC1A-4E51-A723-9D607B959E73}.Ad-Hoc|x86.Build.0 = Release|Any CPU
		{BE490A77-BC1A-4E51-A723-9D607B959E73}.AppStore|Any CPU.ActiveCfg = Release|Any CPU
		{BE490A77-BC1A-4E51-A723-9D607B959E73}.AppStore|Any CPU.Build.0 = Release|Any CPU
		{BE490A77-BC1A-4E51-A723-9D607B959E73}.AppStore|ARM.ActiveCfg = Release|Any CPU
		{BE490A77-BC1A-4E51-A723-9D607B959E73}.AppStore|ARM.Build.0 = Release|Any CPU
		{BE490A77-BC1A-4E51-A723-9D607B959E73}.AppStore|iPhone.ActiveCfg = Release|Any CPU
		{BE490A77-BC1A-4E51-A723-9D607B959E73}.AppStore|iPhone.Build.0 = Release|Any CPU
		{BE490A77-BC1A-4E51-A723-9D607B959E73}.AppStore|iPhoneSimulator.ActiveCfg = Release|Any CPU
		{BE490A77-BC1A-4E51-A723-9D607B959E73}.AppStore|iPhoneSimulator.Build.0 = Release|Any CPU
		{BE490A77-BC1A-4E51-A723-9D607B959E73}.AppStore|x64.ActiveCfg = Release|Any CPU
		{BE490A77-BC1A-4E51-A723-9D607B959E73}.AppStore|x64.Build.0 = Release|Any CPU
		{BE490A77-BC1A-4E51-A723-9D607B959E73}.AppStore|x86.ActiveCfg = Release|Any CPU
		{BE490A77-BC1A-4E51-A723-9D607B959E73}.AppStore|x86.Build.0 = Release|Any CPU
		{BE490A77-BC1A-4E51-A723-9D607B959E73}.Debug|Any CPU.ActiveCfg = Debug|Any CPU
		{BE490A77-BC1A-4E51-A723-9D607B959E73}.Debug|Any CPU.Build.0 = Debug|Any CPU
		{BE490A77-BC1A-4E51-A723-9D607B959E73}.Debug|ARM.ActiveCfg = Debug|Any CPU
		{BE490A77-BC1A-4E51-A723-9D607B959E73}.Debug|ARM.Build.0 = Debug|Any CPU
		{BE490A77-BC1A-4E51-A723-9D607B959E73}.Debug|iPhone.ActiveCfg = Debug|Any CPU
		{BE490A77-BC1A-4E51-A723-9D607B959E73}.Debug|iPhone.Build.0 = Debug|Any CPU
		{BE490A77-BC1A-4E51-A723-9D607B959E73}.Debug|iPhoneSimulator.ActiveCfg = Debug|Any CPU
		{BE490A77-BC1A-4E51-A723-9D607B959E73}.Debug|iPhoneSimulator.Build.0 = Debug|Any CPU
		{BE490A77-BC1A-4E51-A723-9D607B959E73}.Debug|x64.ActiveCfg = Debug|Any CPU
		{BE490A77-BC1A-4E51-A723-9D607B959E73}.Debug|x64.Build.0 = Debug|Any CPU
		{BE490A77-BC1A-4E51-A723-9D607B959E73}.Debug|x86.ActiveCfg = Debug|Any CPU
		{BE490A77-BC1A-4E51-A723-9D607B959E73}.Debug|x86.Build.0 = Debug|Any CPU
		{BE490A77-BC1A-4E51-A723-9D607B959E73}.Release|Any CPU.ActiveCfg = Release|Any CPU
		{BE490A77-BC1A-4E51-A723-9D607B959E73}.Release|Any CPU.Build.0 = Release|Any CPU
		{BE490A77-BC1A-4E51-A723-9D607B959E73}.Release|ARM.ActiveCfg = Release|Any CPU
		{BE490A77-BC1A-4E51-A723-9D607B959E73}.Release|ARM.Build.0 = Release|Any CPU
		{BE490A77-BC1A-4E51-A723-9D607B959E73}.Release|iPhone.ActiveCfg = Release|Any CPU
		{BE490A77-BC1A-4E51-A723-9D607B959E73}.Release|iPhone.Build.0 = Release|Any CPU
		{BE490A77-BC1A-4E51-A723-9D607B959E73}.Release|iPhoneSimulator.ActiveCfg = Release|Any CPU
		{BE490A77-BC1A-4E51-A723-9D607B959E73}.Release|iPhoneSimulator.Build.0 = Release|Any CPU
		{BE490A77-BC1A-4E51-A723-9D607B959E73}.Release|x64.ActiveCfg = Release|Any CPU
		{BE490A77-BC1A-4E51-A723-9D607B959E73}.Release|x64.Build.0 = Release|Any CPU
		{BE490A77-BC1A-4E51-A723-9D607B959E73}.Release|x86.ActiveCfg = Release|Any CPU
		{BE490A77-BC1A-4E51-A723-9D607B959E73}.Release|x86.Build.0 = Release|Any CPU
		{94A00472-8DD6-4EEB-95D9-027E86D0716B}.Ad-Hoc|Any CPU.ActiveCfg = Release|Any CPU
		{94A00472-8DD6-4EEB-95D9-027E86D0716B}.Ad-Hoc|Any CPU.Build.0 = Release|Any CPU
		{94A00472-8DD6-4EEB-95D9-027E86D0716B}.Ad-Hoc|Any CPU.Deploy.0 = Release|Any CPU
		{94A00472-8DD6-4EEB-95D9-027E86D0716B}.Ad-Hoc|ARM.ActiveCfg = Release|Any CPU
		{94A00472-8DD6-4EEB-95D9-027E86D0716B}.Ad-Hoc|ARM.Build.0 = Release|Any CPU
		{94A00472-8DD6-4EEB-95D9-027E86D0716B}.Ad-Hoc|ARM.Deploy.0 = Release|Any CPU
		{94A00472-8DD6-4EEB-95D9-027E86D0716B}.Ad-Hoc|iPhone.ActiveCfg = Release|Any CPU
		{94A00472-8DD6-4EEB-95D9-027E86D0716B}.Ad-Hoc|iPhone.Build.0 = Release|Any CPU
		{94A00472-8DD6-4EEB-95D9-027E86D0716B}.Ad-Hoc|iPhone.Deploy.0 = Release|Any CPU
		{94A00472-8DD6-4EEB-95D9-027E86D0716B}.Ad-Hoc|iPhoneSimulator.ActiveCfg = Release|Any CPU
		{94A00472-8DD6-4EEB-95D9-027E86D0716B}.Ad-Hoc|iPhoneSimulator.Build.0 = Release|Any CPU
		{94A00472-8DD6-4EEB-95D9-027E86D0716B}.Ad-Hoc|iPhoneSimulator.Deploy.0 = Release|Any CPU
		{94A00472-8DD6-4EEB-95D9-027E86D0716B}.Ad-Hoc|x64.ActiveCfg = Release|Any CPU
		{94A00472-8DD6-4EEB-95D9-027E86D0716B}.Ad-Hoc|x64.Build.0 = Release|Any CPU
		{94A00472-8DD6-4EEB-95D9-027E86D0716B}.Ad-Hoc|x64.Deploy.0 = Release|Any CPU
		{94A00472-8DD6-4EEB-95D9-027E86D0716B}.Ad-Hoc|x86.ActiveCfg = Release|Any CPU
		{94A00472-8DD6-4EEB-95D9-027E86D0716B}.Ad-Hoc|x86.Build.0 = Release|Any CPU
		{94A00472-8DD6-4EEB-95D9-027E86D0716B}.Ad-Hoc|x86.Deploy.0 = Release|Any CPU
		{94A00472-8DD6-4EEB-95D9-027E86D0716B}.AppStore|Any CPU.ActiveCfg = Release|Any CPU
		{94A00472-8DD6-4EEB-95D9-027E86D0716B}.AppStore|Any CPU.Build.0 = Release|Any CPU
		{94A00472-8DD6-4EEB-95D9-027E86D0716B}.AppStore|Any CPU.Deploy.0 = Release|Any CPU
		{94A00472-8DD6-4EEB-95D9-027E86D0716B}.AppStore|ARM.ActiveCfg = Release|Any CPU
		{94A00472-8DD6-4EEB-95D9-027E86D0716B}.AppStore|ARM.Build.0 = Release|Any CPU
		{94A00472-8DD6-4EEB-95D9-027E86D0716B}.AppStore|ARM.Deploy.0 = Release|Any CPU
		{94A00472-8DD6-4EEB-95D9-027E86D0716B}.AppStore|iPhone.ActiveCfg = Release|Any CPU
		{94A00472-8DD6-4EEB-95D9-027E86D0716B}.AppStore|iPhone.Build.0 = Release|Any CPU
		{94A00472-8DD6-4EEB-95D9-027E86D0716B}.AppStore|iPhone.Deploy.0 = Release|Any CPU
		{94A00472-8DD6-4EEB-95D9-027E86D0716B}.AppStore|iPhoneSimulator.ActiveCfg = Release|Any CPU
		{94A00472-8DD6-4EEB-95D9-027E86D0716B}.AppStore|iPhoneSimulator.Build.0 = Release|Any CPU
		{94A00472-8DD6-4EEB-95D9-027E86D0716B}.AppStore|iPhoneSimulator.Deploy.0 = Release|Any CPU
		{94A00472-8DD6-4EEB-95D9-027E86D0716B}.AppStore|x64.ActiveCfg = Release|Any CPU
		{94A00472-8DD6-4EEB-95D9-027E86D0716B}.AppStore|x64.Build.0 = Release|Any CPU
		{94A00472-8DD6-4EEB-95D9-027E86D0716B}.AppStore|x64.Deploy.0 = Release|Any CPU
		{94A00472-8DD6-4EEB-95D9-027E86D0716B}.AppStore|x86.ActiveCfg = Release|Any CPU
		{94A00472-8DD6-4EEB-95D9-027E86D0716B}.AppStore|x86.Build.0 = Release|Any CPU
		{94A00472-8DD6-4EEB-95D9-027E86D0716B}.AppStore|x86.Deploy.0 = Release|Any CPU
		{94A00472-8DD6-4EEB-95D9-027E86D0716B}.Debug|Any CPU.ActiveCfg = Debug|Any CPU
		{94A00472-8DD6-4EEB-95D9-027E86D0716B}.Debug|Any CPU.Build.0 = Debug|Any CPU
		{94A00472-8DD6-4EEB-95D9-027E86D0716B}.Debug|Any CPU.Deploy.0 = Debug|Any CPU
		{94A00472-8DD6-4EEB-95D9-027E86D0716B}.Debug|ARM.ActiveCfg = Debug|Any CPU
		{94A00472-8DD6-4EEB-95D9-027E86D0716B}.Debug|ARM.Build.0 = Debug|Any CPU
		{94A00472-8DD6-4EEB-95D9-027E86D0716B}.Debug|ARM.Deploy.0 = Debug|Any CPU
		{94A00472-8DD6-4EEB-95D9-027E86D0716B}.Debug|iPhone.ActiveCfg = Debug|Any CPU
		{94A00472-8DD6-4EEB-95D9-027E86D0716B}.Debug|iPhone.Build.0 = Debug|Any CPU
		{94A00472-8DD6-4EEB-95D9-027E86D0716B}.Debug|iPhone.Deploy.0 = Debug|Any CPU
		{94A00472-8DD6-4EEB-95D9-027E86D0716B}.Debug|iPhoneSimulator.ActiveCfg = Debug|Any CPU
		{94A00472-8DD6-4EEB-95D9-027E86D0716B}.Debug|iPhoneSimulator.Build.0 = Debug|Any CPU
		{94A00472-8DD6-4EEB-95D9-027E86D0716B}.Debug|iPhoneSimulator.Deploy.0 = Debug|Any CPU
		{94A00472-8DD6-4EEB-95D9-027E86D0716B}.Debug|x64.ActiveCfg = Debug|Any CPU
		{94A00472-8DD6-4EEB-95D9-027E86D0716B}.Debug|x64.Build.0 = Debug|Any CPU
		{94A00472-8DD6-4EEB-95D9-027E86D0716B}.Debug|x64.Deploy.0 = Debug|Any CPU
		{94A00472-8DD6-4EEB-95D9-027E86D0716B}.Debug|x86.ActiveCfg = Debug|Any CPU
		{94A00472-8DD6-4EEB-95D9-027E86D0716B}.Debug|x86.Build.0 = Debug|Any CPU
		{94A00472-8DD6-4EEB-95D9-027E86D0716B}.Debug|x86.Deploy.0 = Debug|Any CPU
		{94A00472-8DD6-4EEB-95D9-027E86D0716B}.Release|Any CPU.ActiveCfg = Release|Any CPU
		{94A00472-8DD6-4EEB-95D9-027E86D0716B}.Release|Any CPU.Build.0 = Release|Any CPU
		{94A00472-8DD6-4EEB-95D9-027E86D0716B}.Release|Any CPU.Deploy.0 = Release|Any CPU
		{94A00472-8DD6-4EEB-95D9-027E86D0716B}.Release|ARM.ActiveCfg = Release|Any CPU
		{94A00472-8DD6-4EEB-95D9-027E86D0716B}.Release|ARM.Build.0 = Release|Any CPU
		{94A00472-8DD6-4EEB-95D9-027E86D0716B}.Release|ARM.Deploy.0 = Release|Any CPU
		{94A00472-8DD6-4EEB-95D9-027E86D0716B}.Release|iPhone.ActiveCfg = Release|Any CPU
		{94A00472-8DD6-4EEB-95D9-027E86D0716B}.Release|iPhone.Build.0 = Release|Any CPU
		{94A00472-8DD6-4EEB-95D9-027E86D0716B}.Release|iPhone.Deploy.0 = Release|Any CPU
		{94A00472-8DD6-4EEB-95D9-027E86D0716B}.Release|iPhoneSimulator.ActiveCfg = Release|Any CPU
		{94A00472-8DD6-4EEB-95D9-027E86D0716B}.Release|iPhoneSimulator.Build.0 = Release|Any CPU
		{94A00472-8DD6-4EEB-95D9-027E86D0716B}.Release|iPhoneSimulator.Deploy.0 = Release|Any CPU
		{94A00472-8DD6-4EEB-95D9-027E86D0716B}.Release|x64.ActiveCfg = Release|Any CPU
		{94A00472-8DD6-4EEB-95D9-027E86D0716B}.Release|x64.Build.0 = Release|Any CPU
		{94A00472-8DD6-4EEB-95D9-027E86D0716B}.Release|x64.Deploy.0 = Release|Any CPU
		{94A00472-8DD6-4EEB-95D9-027E86D0716B}.Release|x86.ActiveCfg = Release|Any CPU
		{94A00472-8DD6-4EEB-95D9-027E86D0716B}.Release|x86.Build.0 = Release|Any CPU
		{94A00472-8DD6-4EEB-95D9-027E86D0716B}.Release|x86.Deploy.0 = Release|Any CPU
		{B983718B-B5CD-4B2B-8DF5-4F22015F52DD}.Ad-Hoc|Any CPU.ActiveCfg = Ad-Hoc|iPhone
		{B983718B-B5CD-4B2B-8DF5-4F22015F52DD}.Ad-Hoc|ARM.ActiveCfg = Ad-Hoc|iPhone
		{B983718B-B5CD-4B2B-8DF5-4F22015F52DD}.Ad-Hoc|iPhone.ActiveCfg = Ad-Hoc|iPhone
		{B983718B-B5CD-4B2B-8DF5-4F22015F52DD}.Ad-Hoc|iPhone.Build.0 = Ad-Hoc|iPhone
		{B983718B-B5CD-4B2B-8DF5-4F22015F52DD}.Ad-Hoc|iPhoneSimulator.ActiveCfg = Ad-Hoc|iPhoneSimulator
		{B983718B-B5CD-4B2B-8DF5-4F22015F52DD}.Ad-Hoc|iPhoneSimulator.Build.0 = Ad-Hoc|iPhoneSimulator
		{B983718B-B5CD-4B2B-8DF5-4F22015F52DD}.Ad-Hoc|x64.ActiveCfg = Ad-Hoc|iPhone
		{B983718B-B5CD-4B2B-8DF5-4F22015F52DD}.Ad-Hoc|x86.ActiveCfg = Ad-Hoc|iPhone
		{B983718B-B5CD-4B2B-8DF5-4F22015F52DD}.AppStore|Any CPU.ActiveCfg = AppStore|iPhone
		{B983718B-B5CD-4B2B-8DF5-4F22015F52DD}.AppStore|ARM.ActiveCfg = AppStore|iPhone
		{B983718B-B5CD-4B2B-8DF5-4F22015F52DD}.AppStore|iPhone.ActiveCfg = AppStore|iPhone
		{B983718B-B5CD-4B2B-8DF5-4F22015F52DD}.AppStore|iPhone.Build.0 = AppStore|iPhone
		{B983718B-B5CD-4B2B-8DF5-4F22015F52DD}.AppStore|iPhoneSimulator.ActiveCfg = AppStore|iPhoneSimulator
		{B983718B-B5CD-4B2B-8DF5-4F22015F52DD}.AppStore|iPhoneSimulator.Build.0 = AppStore|iPhoneSimulator
		{B983718B-B5CD-4B2B-8DF5-4F22015F52DD}.AppStore|x64.ActiveCfg = AppStore|iPhone
		{B983718B-B5CD-4B2B-8DF5-4F22015F52DD}.AppStore|x86.ActiveCfg = AppStore|iPhone
		{B983718B-B5CD-4B2B-8DF5-4F22015F52DD}.Debug|Any CPU.ActiveCfg = Debug|iPhone
		{B983718B-B5CD-4B2B-8DF5-4F22015F52DD}.Debug|ARM.ActiveCfg = Debug|iPhone
		{B983718B-B5CD-4B2B-8DF5-4F22015F52DD}.Debug|iPhone.ActiveCfg = Debug|iPhone
		{B983718B-B5CD-4B2B-8DF5-4F22015F52DD}.Debug|iPhone.Build.0 = Debug|iPhone
		{B983718B-B5CD-4B2B-8DF5-4F22015F52DD}.Debug|iPhoneSimulator.ActiveCfg = Debug|iPhoneSimulator
		{B983718B-B5CD-4B2B-8DF5-4F22015F52DD}.Debug|iPhoneSimulator.Build.0 = Debug|iPhoneSimulator
		{B983718B-B5CD-4B2B-8DF5-4F22015F52DD}.Debug|x64.ActiveCfg = Debug|iPhone
		{B983718B-B5CD-4B2B-8DF5-4F22015F52DD}.Debug|x86.ActiveCfg = Debug|iPhone
		{B983718B-B5CD-4B2B-8DF5-4F22015F52DD}.Release|Any CPU.ActiveCfg = Release|iPhone
		{B983718B-B5CD-4B2B-8DF5-4F22015F52DD}.Release|ARM.ActiveCfg = Release|iPhone
		{B983718B-B5CD-4B2B-8DF5-4F22015F52DD}.Release|iPhone.ActiveCfg = Release|iPhone
		{B983718B-B5CD-4B2B-8DF5-4F22015F52DD}.Release|iPhone.Build.0 = Release|iPhone
		{B983718B-B5CD-4B2B-8DF5-4F22015F52DD}.Release|iPhoneSimulator.ActiveCfg = Release|iPhoneSimulator
		{B983718B-B5CD-4B2B-8DF5-4F22015F52DD}.Release|iPhoneSimulator.Build.0 = Release|iPhoneSimulator
		{B983718B-B5CD-4B2B-8DF5-4F22015F52DD}.Release|x64.ActiveCfg = Release|iPhone
		{B983718B-B5CD-4B2B-8DF5-4F22015F52DD}.Release|x86.ActiveCfg = Release|iPhone
	EndGlobalSection
	GlobalSection(SolutionProperties) = preSolution
		HideSolutionNode = FALSE
	EndGlobalSection
EndGlobal
